
Microsoft Visual Studio Solution File, Format Version 12.00
# Visual Studio Version 17
VisualStudioVersion = 17.0.31903.59
MinimumVisualStudioVersion = 10.0.40219.1
Project("{2150E333-8FDC-42A3-9474-1A3956D46DE8}") = "src", "src", "{96958AE6-2E9C-4102-A2F6-C6C7F8F2109B}"
EndProject
Project("{2150E333-8FDC-42A3-9474-1A3956D46DE8}") = "ProductService", "ProductService", "{DE1BF6AB-340F-48AB-9E65-D8AD0CF85ACE}"
EndProject
Project("{FAE04EC0-301F-11D3-BF4B-00C04F79EFBC}") = "ProductService.Domain", "src\ProductService\ProductService.Domain\ProductService.Domain.csproj", "{B1594F22-579B-4B08-9E0D-A1E79D82540B}"
EndProject
Project("{FAE04EC0-301F-11D3-BF4B-00C04F79EFBC}") = "ProductService.Application", "src\ProductService\ProductService.Application\ProductService.Application.csproj", "{283412B3-BF18-47D2-8AB8-9E8C282A0B45}"
EndProject
Project("{FAE04EC0-301F-11D3-BF4B-00C04F79EFBC}") = "ProductService.Infrastructure", "src\ProductService\ProductService.Infrastructure\ProductService.Infrastructure.csproj", "{DCC51426-1E95-48CA-823F-4EB03E66F2D3}"
EndProject
Project("{FAE04EC0-301F-11D3-BF4B-00C04F79EFBC}") = "ProductService.API", "src\ProductService\ProductService.API\ProductService.API.csproj", "{C88D25CC-D3D5-435E-83B2-E377D24A036C}"
EndProject
Project("{2150E333-8FDC-42A3-9474-1A3956D46DE8}") = "AuthService", "AuthService", "{96446767-18C6-426C-BB42-3145F20541A9}"
EndProject
Project("{FAE04EC0-301F-11D3-BF4B-00C04F79EFBC}") = "AuthService.Domain", "src\AuthService\AuthService.Domain\AuthService.Domain.csproj", "{ADC789FE-A01B-425E-8832-B8FB4FD4E889}"
EndProject
Project("{FAE04EC0-301F-11D3-BF4B-00C04F79EFBC}") = "AuthService.Application", "src\AuthService\AuthService.Application\AuthService.Application.csproj", "{738C9F00-87F1-444E-8109-C9B71B0A3485}"
EndProject
Project("{FAE04EC0-301F-11D3-BF4B-00C04F79EFBC}") = "AuthService.Infrastructure", "src\AuthService\AuthService.Infrastructure\AuthService.Infrastructure.csproj", "{E8036430-EFDF-4A48-BE89-A011F492767F}"
EndProject
Project("{FAE04EC0-301F-11D3-BF4B-00C04F79EFBC}") = "AuthService.API", "src\AuthService\AuthService.API\AuthService.API.csproj", "{2928F048-C5BF-441B-B467-4F8F62962CC0}"
EndProject
Project("{FAE04EC0-301F-11D3-BF4B-00C04F79EFBC}") = "Micro.Shared", "src\Micro.Shared\Micro.Shared.csproj", "{A7B0AB12-63D6-4C3D-B55B-52E253D4B3B9}"
EndProject
Project("{FAE04EC0-301F-11D3-BF4B-00C04F79EFBC}") = "ApiGateway", "src\ApiGateway\ApiGateway.csproj", "{1BF731F4-9FE2-4025-9CB4-4D7B45D16CF1}"
EndProject
Project("{2150E333-8FDC-42A3-9474-1A3956D46DE8}") = "ProjectService", "ProjectService", "{82FF93CC-15B0-47C8-AD00-CC1E6C370EBF}"
EndProject
Project("{FAE04EC0-301F-11D3-BF4B-00C04F79EFBC}") = "ProjectService.API", "src\ProjectService\ProjectService.API\ProjectService.API.csproj", "{A04AD0EB-25DE-421A-B897-AC2AF05A3511}"
EndProject
Project("{FAE04EC0-301F-11D3-BF4B-00C04F79EFBC}") = "ProjectService.Application", "src\ProjectService\ProjectService.Application\ProjectService.Application.csproj", "{B39F31AB-6CAD-415C-990A-90B03A6C33A5}"
EndProject
Project("{FAE04EC0-301F-11D3-BF4B-00C04F79EFBC}") = "ProjectService.Domain", "src\ProjectService\ProjectService.Domain\ProjectService.Domain.csproj", "{7D43AEA1-0286-415C-95D3-965D41DD0B99}"
EndProject
Project("{FAE04EC0-301F-11D3-BF4B-00C04F79EFBC}") = "ProjectService.Infastructure", "src\ProjectService\ProjectService.Infastructure\ProjectService.Infastructure.csproj", "{B359F24D-B7DB-443E-975B-D6043BA1FB6F}"
EndProject
Project("{FAE04EC0-301F-11D3-BF4B-00C04F79EFBC}") = "Utilities", "src\Utilities\Utilities.csproj", "{C2FEE269-E088-4C11-838A-54E9FE8BA443}"
EndProject
Global
	GlobalSection(SolutionConfigurationPlatforms) = preSolution
		Debug|Any CPU = Debug|Any CPU
		Release|Any CPU = Release|Any CPU
	EndGlobalSection
	GlobalSection(ProjectConfigurationPlatforms) = postSolution
		{B1594F22-579B-4B08-9E0D-A1E79D82540B}.Debug|Any CPU.ActiveCfg = Debug|Any CPU
		{B1594F22-579B-4B08-9E0D-A1E79D82540B}.Debug|Any CPU.Build.0 = Debug|Any CPU
		{B1594F22-579B-4B08-9E0D-A1E79D82540B}.Release|Any CPU.ActiveCfg = Release|Any CPU
		{B1594F22-579B-4B08-9E0D-A1E79D82540B}.Release|Any CPU.Build.0 = Release|Any CPU
		{283412B3-BF18-47D2-8AB8-9E8C282A0B45}.Debug|Any CPU.ActiveCfg = Debug|Any CPU
		{283412B3-BF18-47D2-8AB8-9E8C282A0B45}.Debug|Any CPU.Build.0 = Debug|Any CPU
		{283412B3-BF18-47D2-8AB8-9E8C282A0B45}.Release|Any CPU.ActiveCfg = Release|Any CPU
		{283412B3-BF18-47D2-8AB8-9E8C282A0B45}.Release|Any CPU.Build.0 = Release|Any CPU
		{DCC51426-1E95-48CA-823F-4EB03E66F2D3}.Debug|Any CPU.ActiveCfg = Debug|Any CPU
		{DCC51426-1E95-48CA-823F-4EB03E66F2D3}.Debug|Any CPU.Build.0 = Debug|Any CPU
		{DCC51426-1E95-48CA-823F-4EB03E66F2D3}.Release|Any CPU.ActiveCfg = Release|Any CPU
		{DCC51426-1E95-48CA-823F-4EB03E66F2D3}.Release|Any CPU.Build.0 = Release|Any CPU
		{C88D25CC-D3D5-435E-83B2-E377D24A036C}.Debug|Any CPU.ActiveCfg = Debug|Any CPU
		{C88D25CC-D3D5-435E-83B2-E377D24A036C}.Debug|Any CPU.Build.0 = Debug|Any CPU
		{C88D25CC-D3D5-435E-83B2-E377D24A036C}.Release|Any CPU.ActiveCfg = Release|Any CPU
		{C88D25CC-D3D5-435E-83B2-E377D24A036C}.Release|Any CPU.Build.0 = Release|Any CPU
		{ADC789FE-A01B-425E-8832-B8FB4FD4E889}.Debug|Any CPU.ActiveCfg = Debug|Any CPU
		{ADC789FE-A01B-425E-8832-B8FB4FD4E889}.Debug|Any CPU.Build.0 = Debug|Any CPU
		{ADC789FE-A01B-425E-8832-B8FB4FD4E889}.Release|Any CPU.ActiveCfg = Release|Any CPU
		{ADC789FE-A01B-425E-8832-B8FB4FD4E889}.Release|Any CPU.Build.0 = Release|Any CPU
		{738C9F00-87F1-444E-8109-C9B71B0A3485}.Debug|Any CPU.ActiveCfg = Debug|Any CPU
		{738C9F00-87F1-444E-8109-C9B71B0A3485}.Debug|Any CPU.Build.0 = Debug|Any CPU
		{738C9F00-87F1-444E-8109-C9B71B0A3485}.Release|Any CPU.ActiveCfg = Release|Any CPU
		{738C9F00-87F1-444E-8109-C9B71B0A3485}.Release|Any CPU.Build.0 = Release|Any CPU
		{E8036430-EFDF-4A48-BE89-A011F492767F}.Debug|Any CPU.ActiveCfg = Debug|Any CPU
		{E8036430-EFDF-4A48-BE89-A011F492767F}.Debug|Any CPU.Build.0 = Debug|Any CPU
		{E8036430-EFDF-4A48-BE89-A011F492767F}.Release|Any CPU.ActiveCfg = Release|Any CPU
		{E8036430-EFDF-4A48-BE89-A011F492767F}.Release|Any CPU.Build.0 = Release|Any CPU
		{2928F048-C5BF-441B-B467-4F8F62962CC0}.Debug|Any CPU.ActiveCfg = Debug|Any CPU
		{2928F048-C5BF-441B-B467-4F8F62962CC0}.Debug|Any CPU.Build.0 = Debug|Any CPU
		{2928F048-C5BF-441B-B467-4F8F62962CC0}.Release|Any CPU.ActiveCfg = Release|Any CPU
		{2928F048-C5BF-441B-B467-4F8F62962CC0}.Release|Any CPU.Build.0 = Release|Any CPU
		{A7B0AB12-63D6-4C3D-B55B-52E253D4B3B9}.Debug|Any CPU.ActiveCfg = Debug|Any CPU
		{A7B0AB12-63D6-4C3D-B55B-52E253D4B3B9}.Debug|Any CPU.Build.0 = Debug|Any CPU
		{A7B0AB12-63D6-4C3D-B55B-52E253D4B3B9}.Release|Any CPU.ActiveCfg = Release|Any CPU
		{A7B0AB12-63D6-4C3D-B55B-52E253D4B3B9}.Release|Any CPU.Build.0 = Release|Any CPU
		{1BF731F4-9FE2-4025-9CB4-4D7B45D16CF1}.Debug|Any CPU.ActiveCfg = Debug|Any CPU
		{1BF731F4-9FE2-4025-9CB4-4D7B45D16CF1}.Debug|Any CPU.Build.0 = Debug|Any CPU
		{1BF731F4-9FE2-4025-9CB4-4D7B45D16CF1}.Release|Any CPU.ActiveCfg = Release|Any CPU
		{1BF731F4-9FE2-4025-9CB4-4D7B45D16CF1}.Release|Any CPU.Build.0 = Release|Any CPU
		{A04AD0EB-25DE-421A-B897-AC2AF05A3511}.Debug|Any CPU.ActiveCfg = Debug|Any CPU
		{A04AD0EB-25DE-421A-B897-AC2AF05A3511}.Debug|Any CPU.Build.0 = Debug|Any CPU
		{A04AD0EB-25DE-421A-B897-AC2AF05A3511}.Release|Any CPU.ActiveCfg = Release|Any CPU
		{A04AD0EB-25DE-421A-B897-AC2AF05A3511}.Release|Any CPU.Build.0 = Release|Any CPU
		{B39F31AB-6CAD-415C-990A-90B03A6C33A5}.Debug|Any CPU.ActiveCfg = Debug|Any CPU
		{B39F31AB-6CAD-415C-990A-90B03A6C33A5}.Debug|Any CPU.Build.0 = Debug|Any CPU
		{B39F31AB-6CAD-415C-990A-90B03A6C33A5}.Release|Any CPU.ActiveCfg = Release|Any CPU
		{B39F31AB-6CAD-415C-990A-90B03A6C33A5}.Release|Any CPU.Build.0 = Release|Any CPU
		{7D43AEA1-0286-415C-95D3-965D41DD0B99}.Debug|Any CPU.ActiveCfg = Debug|Any CPU
		{7D43AEA1-0286-415C-95D3-965D41DD0B99}.Debug|Any CPU.Build.0 = Debug|Any CPU
		{7D43AEA1-0286-415C-95D3-965D41DD0B99}.Release|Any CPU.ActiveCfg = Release|Any CPU
		{7D43AEA1-0286-415C-95D3-965D41DD0B99}.Release|Any CPU.Build.0 = Release|Any CPU
		{B359F24D-B7DB-443E-975B-D6043BA1FB6F}.Debug|Any CPU.ActiveCfg = Debug|Any CPU
		{B359F24D-B7DB-443E-975B-D6043BA1FB6F}.Debug|Any CPU.Build.0 = Debug|Any CPU
		{B359F24D-B7DB-443E-975B-D6043BA1FB6F}.Release|Any CPU.ActiveCfg = Release|Any CPU
		{B359F24D-B7DB-443E-975B-D6043BA1FB6F}.Release|Any CPU.Build.0 = Release|Any CPU
		{C2FEE269-E088-4C11-838A-54E9FE8BA443}.Debug|Any CPU.ActiveCfg = Debug|Any CPU
		{C2FEE269-E088-4C11-838A-54E9FE8BA443}.Debug|Any CPU.Build.0 = Debug|Any CPU
		{C2FEE269-E088-4C11-838A-54E9FE8BA443}.Release|Any CPU.ActiveCfg = Release|Any CPU
		{C2FEE269-E088-4C11-838A-54E9FE8BA443}.Release|Any CPU.Build.0 = Release|Any CPU
	EndGlobalSection
	GlobalSection(SolutionProperties) = preSolution
		HideSolutionNode = FALSE
	EndGlobalSection
	GlobalSection(NestedProjects) = preSolution
		{DE1BF6AB-340F-48AB-9E65-D8AD0CF85ACE} = {96958AE6-2E9C-4102-A2F6-C6C7F8F2109B}
		{B1594F22-579B-4B08-9E0D-A1E79D82540B} = {DE1BF6AB-340F-48AB-9E65-D8AD0CF85ACE}
		{283412B3-BF18-47D2-8AB8-9E8C282A0B45} = {DE1BF6AB-340F-48AB-9E65-D8AD0CF85ACE}
		{DCC51426-1E95-48CA-823F-4EB03E66F2D3} = {DE1BF6AB-340F-48AB-9E65-D8AD0CF85ACE}
		{C88D25CC-D3D5-435E-83B2-E377D24A036C} = {DE1BF6AB-340F-48AB-9E65-D8AD0CF85ACE}
		{96446767-18C6-426C-BB42-3145F20541A9} = {96958AE6-2E9C-4102-A2F6-C6C7F8F2109B}
		{ADC789FE-A01B-425E-8832-B8FB4FD4E889} = {96446767-18C6-426C-BB42-3145F20541A9}
		{738C9F00-87F1-444E-8109-C9B71B0A3485} = {96446767-18C6-426C-BB42-3145F20541A9}
		{E8036430-EFDF-4A48-BE89-A011F492767F} = {96446767-18C6-426C-BB42-3145F20541A9}
		{2928F048-C5BF-441B-B467-4F8F62962CC0} = {96446767-18C6-426C-BB42-3145F20541A9}
		{A7B0AB12-63D6-4C3D-B55B-52E253D4B3B9} = {96958AE6-2E9C-4102-A2F6-C6C7F8F2109B}
		{1BF731F4-9FE2-4025-9CB4-4D7B45D16CF1} = {96958AE6-2E9C-4102-A2F6-C6C7F8F2109B}
		{82FF93CC-15B0-47C8-AD00-CC1E6C370EBF} = {96958AE6-2E9C-4102-A2F6-C6C7F8F2109B}
		{A04AD0EB-25DE-421A-B897-AC2AF05A3511} = {82FF93CC-15B0-47C8-AD00-CC1E6C370EBF}
		{B39F31AB-6CAD-415C-990A-90B03A6C33A5} = {82FF93CC-15B0-47C8-AD00-CC1E6C370EBF}
		{7D43AEA1-0286-415C-95D3-965D41DD0B99} = {82FF93CC-15B0-47C8-AD00-CC1E6C370EBF}
		{B359F24D-B7DB-443E-975B-D6043BA1FB6F} = {82FF93CC-15B0-47C8-AD00-CC1E6C370EBF}
		{C2FEE269-E088-4C11-838A-54E9FE8BA443} = {96958AE6-2E9C-4102-A2F6-C6C7F8F2109B}
	EndGlobalSection
EndGlobal
