
Microsoft Visual Studio Solution File, Format Version 12.00
# Visual Studio Version 17
VisualStudioVersion = 17.0.31903.59
MinimumVisualStudioVersion = 10.0.40219.1
Project("{2150E333-8FDC-42A3-9474-1A3956D46DE8}") = "src", "src", "{96958AE6-2E9C-4102-A2F6-C6C7F8F2109B}"
EndProject
Project("{9A19103F-16F7-4668-BE54-9A1E7A4F7556}") = "ApiGateway", "src\ApiGateway\ApiGateway.csproj", "{1BF731F4-9FE2-4025-9CB4-4D7B45D16CF1}"
EndProject
Project("{9A19103F-16F7-4668-BE54-9A1E7A4F7556}") = "Contracts", "src\Contracts\Contracts.csproj", "{4C7A88B8-3911-4CC2-88C0-2231B305ABFB}"
EndProject
Project("{2150E333-8FDC-42A3-9474-1A3956D46DE8}") = "AuthService", "AuthService", "{FD1C3495-63FA-43BD-8A77-F773462469BA}"
EndProject
Project("{9A19103F-16F7-4668-BE54-9A1E7A4F7556}") = "Domain", "src\AuthService\Domain\Domain.csproj", "{018CF8E8-A102-488D-86E7-473478C3315C}"
EndProject
Project("{9A19103F-16F7-4668-BE54-9A1E7A4F7556}") = "Application", "src\AuthService\Application\Application.csproj", "{E854FAA2-F5A8-4FCA-A728-97B151CA439F}"
EndProject
Project("{9A19103F-16F7-4668-BE54-9A1E7A4F7556}") = "Infrastructure", "src\AuthService\Infrastructure\Infrastructure.csproj", "{C0336D26-4969-4AFC-848A-A7A0D29C350C}"
EndProject
Project("{9A19103F-16F7-4668-BE54-9A1E7A4F7556}") = "Presentation", "src\AuthService\Presentation\Presentation.csproj", "{F1104635-A254-4BCF-95B5-B784C09A77AC}"
EndProject
Project("{2150E333-8FDC-42A3-9474-1A3956D46DE8}") = "ProjectService", "ProjectService", "{F9D93182-CA34-482D-9063-B31405687071}"
EndProject
Project("{9A19103F-16F7-4668-BE54-9A1E7A4F7556}") = "Domain", "src\ProjectService\Domain\Domain.csproj", "{45A49B7B-4CC0-4748-B9CE-31B357B49C92}"
EndProject
Project("{9A19103F-16F7-4668-BE54-9A1E7A4F7556}") = "Application", "src\ProjectService\Application\Application.csproj", "{CD176A2E-98C7-4084-B186-A8E11B847E3F}"
EndProject
Project("{9A19103F-16F7-4668-BE54-9A1E7A4F7556}") = "Infrastructure", "src\ProjectService\Infrastructure\Infrastructure.csproj", "{C412414E-981D-4C29-BA3D-F411BFC1C773}"
EndProject
Project("{9A19103F-16F7-4668-BE54-9A1E7A4F7556}") = "Presentation", "src\ProjectService\Presentation\Presentation.csproj", "{185D179F-D3D1-41A9-9612-337EAAA03F3C}"
EndProject
Project("{2150E333-8FDC-42A3-9474-1A3956D46DE8}") = "EcommeceService", "EcommeceService", "{2ED6F769-9A6E-4348-BF35-B7B88AF34606}"
EndProject
Project("{9A19103F-16F7-4668-BE54-9A1E7A4F7556}") = "Domain", "src\EcommeceService\Domain\Domain.csproj", "{F9C173B5-7F4D-446B-B56A-D65DEEA7F16A}"
EndProject
Project("{9A19103F-16F7-4668-BE54-9A1E7A4F7556}") = "Application", "src\EcommeceService\Application\Application.csproj", "{D26103A5-85D7-42FB-B89C-CDE30A2FD387}"
EndProject
Project("{9A19103F-16F7-4668-BE54-9A1E7A4F7556}") = "Infrastructure", "src\EcommeceService\Infrastructure\Infrastructure.csproj", "{A2AF7A58-9D80-43EF-8A24-D7D0AB06A6B5}"
EndProject
Project("{9A19103F-16F7-4668-BE54-9A1E7A4F7556}") = "Presentation", "src\EcommeceService\Presentation\Presentation.csproj", "{A4C202AD-A1E4-4F6D-A6F9-A617F572E780}"
EndProject
Project("{2150E333-8FDC-42A3-9474-1A3956D46DE8}") = "Solution items", "Solution items", "{652984FE-ED8F-40D7-89ED-EC15D58D895E}"
	ProjectSection(SolutionItems) = preProject
		Directory.Packages.props = Directory.Packages.props
	EndProjectSection
EndProject
Project("{2150E333-8FDC-42A3-9474-1A3956D46DE8}") = "FinanceService", "FinanceService", "{F9A735B4-D937-4F3E-8001-7477CA92FDCA}"
EndProject
Project("{FAE04EC0-301F-11D3-BF4B-00C04F79EFBC}") = "Infrastructure", "src\FinanceService\Infrastructure\Infrastructure.csproj", "{EEA403A1-A27D-44C8-87E2-3F3260AFB1FE}"
EndProject
Project("{FAE04EC0-301F-11D3-BF4B-00C04F79EFBC}") = "Domain", "src\FinanceService\Domain\Domain.csproj", "{CC5B5E43-E8E8-4515-A8A8-EFDEEDCE41C0}"
EndProject
Project("{FAE04EC0-301F-11D3-BF4B-00C04F79EFBC}") = "Application", "src\FinanceService\Application\Application.csproj", "{34D6E8F0-F607-4E41-9C87-F59E22A816BA}"
EndProject
Project("{FAE04EC0-301F-11D3-BF4B-00C04F79EFBC}") = "Presentation", "src\FinanceService\Presentation\Presentation.csproj", "{53A273BC-1A35-4F55-8709-C45A2AFE347C}"
EndProject
Global
	GlobalSection(SolutionConfigurationPlatforms) = preSolution
		Debug|Any CPU = Debug|Any CPU
		Release|Any CPU = Release|Any CPU
	EndGlobalSection
	GlobalSection(ProjectConfigurationPlatforms) = postSolution
		{1BF731F4-9FE2-4025-9CB4-4D7B45D16CF1}.Debug|Any CPU.ActiveCfg = Debug|Any CPU
		{1BF731F4-9FE2-4025-9CB4-4D7B45D16CF1}.Debug|Any CPU.Build.0 = Debug|Any CPU
		{1BF731F4-9FE2-4025-9CB4-4D7B45D16CF1}.Release|Any CPU.ActiveCfg = Release|Any CPU
		{1BF731F4-9FE2-4025-9CB4-4D7B45D16CF1}.Release|Any CPU.Build.0 = Release|Any CPU
		{4C7A88B8-3911-4CC2-88C0-2231B305ABFB}.Debug|Any CPU.ActiveCfg = Debug|Any CPU
		{4C7A88B8-3911-4CC2-88C0-2231B305ABFB}.Debug|Any CPU.Build.0 = Debug|Any CPU
		{4C7A88B8-3911-4CC2-88C0-2231B305ABFB}.Release|Any CPU.ActiveCfg = Release|Any CPU
		{4C7A88B8-3911-4CC2-88C0-2231B305ABFB}.Release|Any CPU.Build.0 = Release|Any CPU
		{018CF8E8-A102-488D-86E7-473478C3315C}.Debug|Any CPU.ActiveCfg = Debug|Any CPU
		{018CF8E8-A102-488D-86E7-473478C3315C}.Debug|Any CPU.Build.0 = Debug|Any CPU
		{018CF8E8-A102-488D-86E7-473478C3315C}.Release|Any CPU.ActiveCfg = Release|Any CPU
		{018CF8E8-A102-488D-86E7-473478C3315C}.Release|Any CPU.Build.0 = Release|Any CPU
		{E854FAA2-F5A8-4FCA-A728-97B151CA439F}.Debug|Any CPU.ActiveCfg = Debug|Any CPU
		{E854FAA2-F5A8-4FCA-A728-97B151CA439F}.Debug|Any CPU.Build.0 = Debug|Any CPU
		{E854FAA2-F5A8-4FCA-A728-97B151CA439F}.Release|Any CPU.ActiveCfg = Release|Any CPU
		{E854FAA2-F5A8-4FCA-A728-97B151CA439F}.Release|Any CPU.Build.0 = Release|Any CPU
		{C0336D26-4969-4AFC-848A-A7A0D29C350C}.Debug|Any CPU.ActiveCfg = Debug|Any CPU
		{C0336D26-4969-4AFC-848A-A7A0D29C350C}.Debug|Any CPU.Build.0 = Debug|Any CPU
		{C0336D26-4969-4AFC-848A-A7A0D29C350C}.Release|Any CPU.ActiveCfg = Release|Any CPU
		{C0336D26-4969-4AFC-848A-A7A0D29C350C}.Release|Any CPU.Build.0 = Release|Any CPU
		{F1104635-A254-4BCF-95B5-B784C09A77AC}.Debug|Any CPU.ActiveCfg = Debug|Any CPU
		{F1104635-A254-4BCF-95B5-B784C09A77AC}.Debug|Any CPU.Build.0 = Debug|Any CPU
		{F1104635-A254-4BCF-95B5-B784C09A77AC}.Release|Any CPU.ActiveCfg = Release|Any CPU
		{F1104635-A254-4BCF-95B5-B784C09A77AC}.Release|Any CPU.Build.0 = Release|Any CPU
		{45A49B7B-4CC0-4748-B9CE-31B357B49C92}.Debug|Any CPU.ActiveCfg = Debug|Any CPU
		{45A49B7B-4CC0-4748-B9CE-31B357B49C92}.Debug|Any CPU.Build.0 = Debug|Any CPU
		{45A49B7B-4CC0-4748-B9CE-31B357B49C92}.Release|Any CPU.ActiveCfg = Release|Any CPU
		{45A49B7B-4CC0-4748-B9CE-31B357B49C92}.Release|Any CPU.Build.0 = Release|Any CPU
		{CD176A2E-98C7-4084-B186-A8E11B847E3F}.Debug|Any CPU.ActiveCfg = Debug|Any CPU
		{CD176A2E-98C7-4084-B186-A8E11B847E3F}.Debug|Any CPU.Build.0 = Debug|Any CPU
		{CD176A2E-98C7-4084-B186-A8E11B847E3F}.Release|Any CPU.ActiveCfg = Release|Any CPU
		{CD176A2E-98C7-4084-B186-A8E11B847E3F}.Release|Any CPU.Build.0 = Release|Any CPU
		{C412414E-981D-4C29-BA3D-F411BFC1C773}.Debug|Any CPU.ActiveCfg = Debug|Any CPU
		{C412414E-981D-4C29-BA3D-F411BFC1C773}.Debug|Any CPU.Build.0 = Debug|Any CPU
		{C412414E-981D-4C29-BA3D-F411BFC1C773}.Release|Any CPU.ActiveCfg = Release|Any CPU
		{C412414E-981D-4C29-BA3D-F411BFC1C773}.Release|Any CPU.Build.0 = Release|Any CPU
		{185D179F-D3D1-41A9-9612-337EAAA03F3C}.Debug|Any CPU.ActiveCfg = Debug|Any CPU
		{185D179F-D3D1-41A9-9612-337EAAA03F3C}.Debug|Any CPU.Build.0 = Debug|Any CPU
		{185D179F-D3D1-41A9-9612-337EAAA03F3C}.Release|Any CPU.ActiveCfg = Release|Any CPU
		{185D179F-D3D1-41A9-9612-337EAAA03F3C}.Release|Any CPU.Build.0 = Release|Any CPU
		{F9C173B5-7F4D-446B-B56A-D65DEEA7F16A}.Debug|Any CPU.ActiveCfg = Debug|Any CPU
		{F9C173B5-7F4D-446B-B56A-D65DEEA7F16A}.Debug|Any CPU.Build.0 = Debug|Any CPU
		{F9C173B5-7F4D-446B-B56A-D65DEEA7F16A}.Release|Any CPU.ActiveCfg = Release|Any CPU
		{F9C173B5-7F4D-446B-B56A-D65DEEA7F16A}.Release|Any CPU.Build.0 = Release|Any CPU
		{D26103A5-85D7-42FB-B89C-CDE30A2FD387}.Debug|Any CPU.ActiveCfg = Debug|Any CPU
		{D26103A5-85D7-42FB-B89C-CDE30A2FD387}.Debug|Any CPU.Build.0 = Debug|Any CPU
		{D26103A5-85D7-42FB-B89C-CDE30A2FD387}.Release|Any CPU.ActiveCfg = Release|Any CPU
		{D26103A5-85D7-42FB-B89C-CDE30A2FD387}.Release|Any CPU.Build.0 = Release|Any CPU
		{A2AF7A58-9D80-43EF-8A24-D7D0AB06A6B5}.Debug|Any CPU.ActiveCfg = Debug|Any CPU
		{A2AF7A58-9D80-43EF-8A24-D7D0AB06A6B5}.Debug|Any CPU.Build.0 = Debug|Any CPU
		{A2AF7A58-9D80-43EF-8A24-D7D0AB06A6B5}.Release|Any CPU.ActiveCfg = Release|Any CPU
		{A2AF7A58-9D80-43EF-8A24-D7D0AB06A6B5}.Release|Any CPU.Build.0 = Release|Any CPU
		{A4C202AD-A1E4-4F6D-A6F9-A617F572E780}.Debug|Any CPU.ActiveCfg = Debug|Any CPU
		{A4C202AD-A1E4-4F6D-A6F9-A617F572E780}.Debug|Any CPU.Build.0 = Debug|Any CPU
		{A4C202AD-A1E4-4F6D-A6F9-A617F572E780}.Release|Any CPU.ActiveCfg = Release|Any CPU
		{A4C202AD-A1E4-4F6D-A6F9-A617F572E780}.Release|Any CPU.Build.0 = Release|Any CPU
		{EEA403A1-A27D-44C8-87E2-3F3260AFB1FE}.Debug|Any CPU.ActiveCfg = Debug|Any CPU
		{EEA403A1-A27D-44C8-87E2-3F3260AFB1FE}.Debug|Any CPU.Build.0 = Debug|Any CPU
		{EEA403A1-A27D-44C8-87E2-3F3260AFB1FE}.Release|Any CPU.ActiveCfg = Release|Any CPU
		{EEA403A1-A27D-44C8-87E2-3F3260AFB1FE}.Release|Any CPU.Build.0 = Release|Any CPU
		{CC5B5E43-E8E8-4515-A8A8-EFDEEDCE41C0}.Debug|Any CPU.ActiveCfg = Debug|Any CPU
		{CC5B5E43-E8E8-4515-A8A8-EFDEEDCE41C0}.Debug|Any CPU.Build.0 = Debug|Any CPU
		{CC5B5E43-E8E8-4515-A8A8-EFDEEDCE41C0}.Release|Any CPU.ActiveCfg = Release|Any CPU
		{CC5B5E43-E8E8-4515-A8A8-EFDEEDCE41C0}.Release|Any CPU.Build.0 = Release|Any CPU
		{34D6E8F0-F607-4E41-9C87-F59E22A816BA}.Debug|Any CPU.ActiveCfg = Debug|Any CPU
		{34D6E8F0-F607-4E41-9C87-F59E22A816BA}.Debug|Any CPU.Build.0 = Debug|Any CPU
		{34D6E8F0-F607-4E41-9C87-F59E22A816BA}.Release|Any CPU.ActiveCfg = Release|Any CPU
		{34D6E8F0-F607-4E41-9C87-F59E22A816BA}.Release|Any CPU.Build.0 = Release|Any CPU
		{53A273BC-1A35-4F55-8709-C45A2AFE347C}.Debug|Any CPU.ActiveCfg = Debug|Any CPU
		{53A273BC-1A35-4F55-8709-C45A2AFE347C}.Debug|Any CPU.Build.0 = Debug|Any CPU
		{53A273BC-1A35-4F55-8709-C45A2AFE347C}.Release|Any CPU.ActiveCfg = Release|Any CPU
		{53A273BC-1A35-4F55-8709-C45A2AFE347C}.Release|Any CPU.Build.0 = Release|Any CPU
	EndGlobalSection
	GlobalSection(SolutionProperties) = preSolution
		HideSolutionNode = FALSE
	EndGlobalSection
	GlobalSection(NestedProjects) = preSolution
		{1BF731F4-9FE2-4025-9CB4-4D7B45D16CF1} = {96958AE6-2E9C-4102-A2F6-C6C7F8F2109B}
		{4C7A88B8-3911-4CC2-88C0-2231B305ABFB} = {96958AE6-2E9C-4102-A2F6-C6C7F8F2109B}
		{FD1C3495-63FA-43BD-8A77-F773462469BA} = {96958AE6-2E9C-4102-A2F6-C6C7F8F2109B}
		{018CF8E8-A102-488D-86E7-473478C3315C} = {FD1C3495-63FA-43BD-8A77-F773462469BA}
		{E854FAA2-F5A8-4FCA-A728-97B151CA439F} = {FD1C3495-63FA-43BD-8A77-F773462469BA}
		{C0336D26-4969-4AFC-848A-A7A0D29C350C} = {FD1C3495-63FA-43BD-8A77-F773462469BA}
		{F1104635-A254-4BCF-95B5-B784C09A77AC} = {FD1C3495-63FA-43BD-8A77-F773462469BA}
		{F9D93182-CA34-482D-9063-B31405687071} = {96958AE6-2E9C-4102-A2F6-C6C7F8F2109B}
		{45A49B7B-4CC0-4748-B9CE-31B357B49C92} = {F9D93182-CA34-482D-9063-B31405687071}
		{CD176A2E-98C7-4084-B186-A8E11B847E3F} = {F9D93182-CA34-482D-9063-B31405687071}
		{C412414E-981D-4C29-BA3D-F411BFC1C773} = {F9D93182-CA34-482D-9063-B31405687071}
		{185D179F-D3D1-41A9-9612-337EAAA03F3C} = {F9D93182-CA34-482D-9063-B31405687071}
		{2ED6F769-9A6E-4348-BF35-B7B88AF34606} = {96958AE6-2E9C-4102-A2F6-C6C7F8F2109B}
		{F9C173B5-7F4D-446B-B56A-D65DEEA7F16A} = {2ED6F769-9A6E-4348-BF35-B7B88AF34606}
		{D26103A5-85D7-42FB-B89C-CDE30A2FD387} = {2ED6F769-9A6E-4348-BF35-B7B88AF34606}
		{A2AF7A58-9D80-43EF-8A24-D7D0AB06A6B5} = {2ED6F769-9A6E-4348-BF35-B7B88AF34606}
		{A4C202AD-A1E4-4F6D-A6F9-A617F572E780} = {2ED6F769-9A6E-4348-BF35-B7B88AF34606}
		{F9A735B4-D937-4F3E-8001-7477CA92FDCA} = {96958AE6-2E9C-4102-A2F6-C6C7F8F2109B}
		{EEA403A1-A27D-44C8-87E2-3F3260AFB1FE} = {F9A735B4-D937-4F3E-8001-7477CA92FDCA}
		{CC5B5E43-E8E8-4515-A8A8-EFDEEDCE41C0} = {F9A735B4-D937-4F3E-8001-7477CA92FDCA}
		{34D6E8F0-F607-4E41-9C87-F59E22A816BA} = {F9A735B4-D937-4F3E-8001-7477CA92FDCA}
		{53A273BC-1A35-4F55-8709-C45A2AFE347C} = {F9A735B4-D937-4F3E-8001-7477CA92FDCA}
	EndGlobalSection
	GlobalSection(ExtensibilityGlobals) = postSolution
		SolutionGuid = {A6997D10-2FAC-452B-9825-3633942885DC}
	EndGlobalSection
EndGlobal
